
Microsoft Visual Studio Solution File, Format Version 12.00
# Visual Studio Version 16
VisualStudioVersion = 16.0.30011.22
MinimumVisualStudioVersion = 10.0.40219.1
Project("{9A19103F-16F7-4668-BE54-9A1E7A4F7556}") = "ContainerOrchestrator.Scheduler", "ContainerOrchestrator.Scheduler\ContainerOrchestrator.Scheduler.csproj", "{D7552183-3F2A-4562-9F47-7863A8FBFB50}"
EndProject
Project("{FAE04EC0-301F-11D3-BF4B-00C04F79EFBC}") = "ContainerOrchestrator.Base", "ContainerOrchestrator.Base\ContainerOrchestrator.Base.csproj", "{D323F7AD-6569-42BD-BF0B-F0460B18A999}"
EndProject
Global
	GlobalSection(SolutionConfigurationPlatforms) = preSolution
		Debug|Any CPU = Debug|Any CPU
		Release|Any CPU = Release|Any CPU
	EndGlobalSection
	GlobalSection(ProjectConfigurationPlatforms) = postSolution
		{D7552183-3F2A-4562-9F47-7863A8FBFB50}.Debug|Any CPU.ActiveCfg = Debug|Any CPU
		{D7552183-3F2A-4562-9F47-7863A8FBFB50}.Debug|Any CPU.Build.0 = Debug|Any CPU
		{D7552183-3F2A-4562-9F47-7863A8FBFB50}.Release|Any CPU.ActiveCfg = Release|Any CPU
		{D7552183-3F2A-4562-9F47-7863A8FBFB50}.Release|Any CPU.Build.0 = Release|Any CPU
		{D323F7AD-6569-42BD-BF0B-F0460B18A999}.Debug|Any CPU.ActiveCfg = Debug|Any CPU
		{D323F7AD-6569-42BD-BF0B-F0460B18A999}.Debug|Any CPU.Build.0 = Debug|Any CPU
		{D323F7AD-6569-42BD-BF0B-F0460B18A999}.Release|Any CPU.ActiveCfg = Release|Any CPU
		{D323F7AD-6569-42BD-BF0B-F0460B18A999}.Release|Any CPU.Build.0 = Release|Any CPU
	EndGlobalSection
	GlobalSection(SolutionProperties) = preSolution
		HideSolutionNode = FALSE
	EndGlobalSection
	GlobalSection(ExtensibilityGlobals) = postSolution
		SolutionGuid = {5D658057-98EA-42A7-85F1-881941C438F7}
	EndGlobalSection
EndGlobal
